
Microsoft Visual Studio Solution File, Format Version 12.00
# Visual Studio Version 17
VisualStudioVersion = 17.11.35219.272
MinimumVisualStudioVersion = 10.0.40219.1
Project("{888888A0-9F3D-457C-B088-3A5042F75D52}") = "ocr_tesseract_base", "ocr_tesseract_base\ocr_tesseract_base.pyproj", "{086EE9DD-35A1-45E0-AD7F-8FF4825914F2}"
EndProject
Global
	GlobalSection(SolutionConfigurationPlatforms) = preSolution
		Debug|Any CPU = Debug|Any CPU
		Release|Any CPU = Release|Any CPU
	EndGlobalSection
	GlobalSection(ProjectConfigurationPlatforms) = postSolution
		{086EE9DD-35A1-45E0-AD7F-8FF4825914F2}.Debug|Any CPU.ActiveCfg = Debug|Any CPU
		{086EE9DD-35A1-45E0-AD7F-8FF4825914F2}.Release|Any CPU.ActiveCfg = Release|Any CPU
	EndGlobalSection
	GlobalSection(SolutionProperties) = preSolution
		HideSolutionNode = FALSE
	EndGlobalSection
	GlobalSection(ExtensibilityGlobals) = postSolution
		SolutionGuid = {40D73CEF-080F-4D41-B970-D079EA1E8EEC}
	EndGlobalSection
EndGlobal
